{
  "nodes": {
    "binderlay": {
      "inputs": {
        "nixpkgs": [
          "nixpkgs"
        ],
        "rust-overlay": "rust-overlay"
      },
      "locked": {
        "lastModified": 1658601286,
        "narHash": "sha256-WvUjKM+EtNQT/Lsb1grGVDDxwWk+RB93vM7XNaMwpyo=",
        "owner": "dramforever",
        "repo": "binderlay",
        "rev": "e84d9d8603058604bc8db6bfd9aabf1d49e6d07b",
        "type": "github"
      },
      "original": {
        "owner": "dramforever",
        "repo": "binderlay",
        "type": "github"
      }
    },
    "flake-utils": {
      "locked": {
        "lastModified": 1656065134,
        "narHash": "sha256-oc6E6ByIw3oJaIyc67maaFcnjYOz1mMcOtHxbEf9NwQ=",
        "owner": "numtide",
        "repo": "flake-utils",
        "rev": "bee6a7250dd1b01844a2de7e02e4df7d8a0a206c",
        "type": "github"
      },
      "original": {
        "owner": "numtide",
        "repo": "flake-utils",
        "type": "github"
      }
    },
    "nixpkgs": {
      "locked": {
        "lastModified": 1658195558,
        "narHash": "sha256-sqAJoJzZaBOhkgsBsp/X941FSHIkRiAwUcVmzjlzCO4=",
        "owner": "NickCao",
        "repo": "nixpkgs",
        "rev": "19eccc09e9069898ad575dca40e0d08cd9c005b6",
        "type": "github"
      },
      "original": {
        "owner": "NickCao",
        "ref": "riscv",
        "repo": "nixpkgs",
        "type": "github"
      }
    },
    "nixpkgs-22_05": {
      "locked": {
        "lastModified": 1658029355,
        "narHash": "sha256-VJcYmkYfzwHrZ76SMH6y9KqoVFOPgZiJgh1rK9cF2mw=",
        "owner": "NixOS",
        "repo": "nixpkgs",
        "rev": "4e329926df7ee5fa49929a83d31ee7d541f8b45c",
        "type": "github"
      },
      "original": {
        "owner": "NixOS",
        "ref": "release-22.05",
        "repo": "nixpkgs",
        "type": "github"
      }
    },
    "root": {
      "inputs": {
        "binderlay": "binderlay",
        "nixpkgs": "nixpkgs",
        "sops-nix": "sops-nix",
        "starfive-linux": "starfive-linux"
      }
    },
    "rust-overlay": {
      "inputs": {
        "flake-utils": "flake-utils",
        "nixpkgs": [
          "binderlay",
          "nixpkgs"
        ]
      },
      "locked": {
        "lastModified": 1658458343,
        "narHash": "sha256-kzVNJ3EMIlwzztBQQxHv+kGr+L+pYdjFX8LSf3G8LN4=",
        "owner": "oxalica",
        "repo": "rust-overlay",
        "rev": "a6c778067fb6682e4b14835a0957ac2d235f5593",
        "type": "github"
      },
      "original": {
        "owner": "oxalica",
        "repo": "rust-overlay",
        "type": "github"
      }
    },
    "sops-nix": {
      "inputs": {
        "nixpkgs": [
          "nixpkgs"
        ],
        "nixpkgs-22_05": "nixpkgs-22_05"
      },
      "locked": {
        "lastModified": 1658030499,
        "narHash": "sha256-Y2Me+uys8VpKUincd7T3ab8O4gBFv8bR5BmBZfn4i4w=",
        "owner": "Mic92",
        "repo": "sops-nix",
        "rev": "7526ce07b897ad1f1016680de5121f646e28a893",
        "type": "github"
      },
      "original": {
        "owner": "Mic92",
        "repo": "sops-nix",
        "type": "github"
      }
    },
    "starfive-linux": {
      "flake": false,
      "locked": {
        "lastModified": 1657661472,
        "narHash": "sha256-cc0LH08h6JIsIWNixliGqSbEZN+YJeBhHHDHZATiOtk=",
        "owner": "starfive-tech",
        "repo": "linux",
        "rev": "ed22c58a2ecaf6c09bec9a1d1b8e096878148f29",
        "type": "github"
      },
      "original": {
        "owner": "starfive-tech",
        "ref": "visionfive-5.18.y",
        "repo": "linux",
        "type": "github"
      }
    }
  },
  "root": "root",
  "version": 7
}
