{
  "nodes": {
    "binderlay": {
      "inputs": {
        "nixpkgs": [
          "nixpkgs"
        ],
        "rust-overlay": "rust-overlay"
      },
      "locked": {
        "lastModified": 1658602773,
        "narHash": "sha256-22EF0RHed59ObULA078uWjaOZJqgNEfk6WkLqnO3cyA=",
        "owner": "dramforever",
        "repo": "binderlay",
        "rev": "bbf4fec2fbde9d2cfdcdb8b368abf93bee4a1fb5",
        "type": "github"
      },
      "original": {
        "owner": "dramforever",
        "repo": "binderlay",
        "type": "github"
      }
    },
    "flake-utils": {
      "locked": {
        "lastModified": 1656065134,
        "narHash": "sha256-oc6E6ByIw3oJaIyc67maaFcnjYOz1mMcOtHxbEf9NwQ=",
        "owner": "numtide",
        "repo": "flake-utils",
        "rev": "bee6a7250dd1b01844a2de7e02e4df7d8a0a206c",
        "type": "github"
      },
      "original": {
        "owner": "numtide",
        "repo": "flake-utils",
        "type": "github"
      }
    },
    "nixpkgs": {
      "locked": {
        "lastModified": 1661259687,
        "narHash": "sha256-h+uOhjf86e0th+4x4RdndxnBWX3Xi87a6/iDkkb1skQ=",
        "owner": "NickCao",
        "repo": "nixpkgs",
        "rev": "1146b07b4e17e4d514c05011391bf140e7855420",
        "type": "github"
      },
      "original": {
        "owner": "NickCao",
        "ref": "riscv",
        "repo": "nixpkgs",
        "type": "github"
      }
    },
    "nixpkgs-22_05": {
      "locked": {
        "lastModified": 1661009065,
        "narHash": "sha256-i+Q2ttGp4uOL3j0wEYP3MXLcu/4L/WbChxGQogiNSZo=",
        "owner": "NixOS",
        "repo": "nixpkgs",
        "rev": "9a91318fffec81ad009b73fd3b640d2541d87909",
        "type": "github"
      },
      "original": {
        "owner": "NixOS",
        "ref": "release-22.05",
        "repo": "nixpkgs",
        "type": "github"
      }
    },
    "root": {
      "inputs": {
        "binderlay": "binderlay",
        "nixpkgs": "nixpkgs",
        "sops-nix": "sops-nix",
        "starfive-linux": "starfive-linux"
      }
    },
    "rust-overlay": {
      "inputs": {
        "flake-utils": "flake-utils",
        "nixpkgs": [
          "binderlay",
          "nixpkgs"
        ]
      },
      "locked": {
        "lastModified": 1658458343,
        "narHash": "sha256-kzVNJ3EMIlwzztBQQxHv+kGr+L+pYdjFX8LSf3G8LN4=",
        "owner": "oxalica",
        "repo": "rust-overlay",
        "rev": "a6c778067fb6682e4b14835a0957ac2d235f5593",
        "type": "github"
      },
      "original": {
        "owner": "oxalica",
        "repo": "rust-overlay",
        "type": "github"
      }
    },
    "sops-nix": {
      "inputs": {
        "nixpkgs": [
          "nixpkgs"
        ],
        "nixpkgs-22_05": "nixpkgs-22_05"
      },
      "locked": {
        "lastModified": 1661054796,
        "narHash": "sha256-SWiWmENiim8liUNOZ1oxjc5yKb/fNpcyfSRo41bsEy0=",
        "owner": "Mic92",
        "repo": "sops-nix",
        "rev": "6068774a8e85fea4b0177efcc90afb3c3b74430b",
        "type": "github"
      },
      "original": {
        "owner": "Mic92",
        "repo": "sops-nix",
        "type": "github"
      }
    },
    "starfive-linux": {
      "flake": false,
      "locked": {
        "lastModified": 1657661472,
        "narHash": "sha256-cc0LH08h6JIsIWNixliGqSbEZN+YJeBhHHDHZATiOtk=",
        "owner": "starfive-tech",
        "repo": "linux",
        "rev": "ed22c58a2ecaf6c09bec9a1d1b8e096878148f29",
        "type": "github"
      },
      "original": {
        "owner": "starfive-tech",
        "ref": "visionfive-5.18.y",
        "repo": "linux",
        "type": "github"
      }
    }
  },
  "root": "root",
  "version": 7
}
